// !$*UTF8*$!
{
	archiveVersion = 1;
	classes = {
	};
	objectVersion = 77;
	objects = {

/* Begin PBXBuildFile section */
		BCF33FCA2CD48E3100F242B0 /* FirebaseCore in Frameworks */ = {isa = PBXBuildFile; productRef = BCF33FC92CD48E3100F242B0 /* FirebaseCore */; };
		BCF33FCC2CD48E3100F242B0 /* FirebaseFirestore in Frameworks */ = {isa = PBXBuildFile; productRef = BCF33FCB2CD48E3100F242B0 /* FirebaseFirestore */; };
		BCF33FD12CD497C000F242B0 /* GoogleService-Info.plist in Resources */ = {isa = PBXBuildFile; fileRef = BCF33FD02CD497C000F242B0 /* GoogleService-Info.plist */; };
		BCF33FD22CD497C000F242B0 /* GoogleService-Info.plist in Resources */ = {isa = PBXBuildFile; fileRef = BCF33FD02CD497C000F242B0 /* GoogleService-Info.plist */; };
		BCF33FD32CD497C000F242B0 /* GoogleService-Info.plist in Resources */ = {isa = PBXBuildFile; fileRef = BCF33FD02CD497C000F242B0 /* GoogleService-Info.plist */; };
		BCF33FD52CD497EE00F242B0 /* FirebaseAnalytics in Frameworks */ = {isa = PBXBuildFile; productRef = BCF33FD42CD497EE00F242B0 /* FirebaseAnalytics */; };
/* End PBXBuildFile section */

/* Begin PBXContainerItemProxy section */
		BC1051692CD4872E00D50CA0 /* PBXContainerItemProxy */ = {
			isa = PBXContainerItemProxy;
			containerPortal = BC1051502CD4872C00D50CA0 /* Project object */;
			proxyType = 1;
			remoteGlobalIDString = BC1051572CD4872C00D50CA0;
			remoteInfo = LocationPushTest;
		};
		BC1051732CD4872E00D50CA0 /* PBXContainerItemProxy */ = {
			isa = PBXContainerItemProxy;
			containerPortal = BC1051502CD4872C00D50CA0 /* Project object */;
			proxyType = 1;
			remoteGlobalIDString = BC1051572CD4872C00D50CA0;
			remoteInfo = LocationPushTest;
		};
/* End PBXContainerItemProxy section */

/* Begin PBXFileReference section */
		BC1051582CD4872C00D50CA0 /* LocationPushTest.app */ = {isa = PBXFileReference; explicitFileType = wrapper.application; includeInIndex = 0; path = LocationPushTest.app; sourceTree = BUILT_PRODUCTS_DIR; };
		BC1051682CD4872E00D50CA0 /* LocationPushTestTests.xctest */ = {isa = PBXFileReference; explicitFileType = wrapper.cfbundle; includeInIndex = 0; path = LocationPushTestTests.xctest; sourceTree = BUILT_PRODUCTS_DIR; };
		BC1051722CD4872E00D50CA0 /* LocationPushTestUITests.xctest */ = {isa = PBXFileReference; explicitFileType = wrapper.cfbundle; includeInIndex = 0; path = LocationPushTestUITests.xctest; sourceTree = BUILT_PRODUCTS_DIR; };
		BCF33FD02CD497C000F242B0 /* GoogleService-Info.plist */ = {isa = PBXFileReference; lastKnownFileType = text.plist.xml; path = "GoogleService-Info.plist"; sourceTree = "<group>"; };
/* End PBXFileReference section */

/* Begin PBXFileSystemSynchronizedBuildFileExceptionSet section */
		BC8441AA2CD57AE1001CB5B6 /* Exceptions for "LocationPushTest" folder in "LocationPushTest" target */ = {
			isa = PBXFileSystemSynchronizedBuildFileExceptionSet;
			membershipExceptions = (
				Info.plist,
			);
			target = BC1051572CD4872C00D50CA0 /* LocationPushTest */;
		};
/* End PBXFileSystemSynchronizedBuildFileExceptionSet section */

/* Begin PBXFileSystemSynchronizedRootGroup section */
		BC10515A2CD4872C00D50CA0 /* LocationPushTest */ = {
			isa = PBXFileSystemSynchronizedRootGroup;
			exceptions = (
				BC8441AA2CD57AE1001CB5B6 /* Exceptions for "LocationPushTest" folder in "LocationPushTest" target */,
			);
			path = LocationPushTest;
			sourceTree = "<group>";
		};
		BC10516B2CD4872E00D50CA0 /* LocationPushTestTests */ = {
			isa = PBXFileSystemSynchronizedRootGroup;
			path = LocationPushTestTests;
			sourceTree = "<group>";
		};
		BC1051752CD4872E00D50CA0 /* LocationPushTestUITests */ = {
			isa = PBXFileSystemSynchronizedRootGroup;
			path = LocationPushTestUITests;
			sourceTree = "<group>";
		};
/* End PBXFileSystemSynchronizedRootGroup section */

/* Begin PBXFrameworksBuildPhase section */
		BC1051552CD4872C00D50CA0 /* Frameworks */ = {
			isa = PBXFrameworksBuildPhase;
			buildActionMask = 2147483647;
			files = (
				BCF33FCA2CD48E3100F242B0 /* FirebaseCore in Frameworks */,
				BCF33FCC2CD48E3100F242B0 /* FirebaseFirestore in Frameworks */,
				BCF33FD52CD497EE00F242B0 /* FirebaseAnalytics in Frameworks */,
			);
			runOnlyForDeploymentPostprocessing = 0;
		};
		BC1051652CD4872E00D50CA0 /* Frameworks */ = {
			isa = PBXFrameworksBuildPhase;
			buildActionMask = 2147483647;
			files = (
			);
			runOnlyForDeploymentPostprocessing = 0;
		};
		BC10516F2CD4872E00D50CA0 /* Frameworks */ = {
			isa = PBXFrameworksBuildPhase;
			buildActionMask = 2147483647;
			files = (
			);
			runOnlyForDeploymentPostprocessing = 0;
		};
/* End PBXFrameworksBuildPhase section */

/* Begin PBXGroup section */
		BC10514F2CD4872C00D50CA0 = {
			isa = PBXGroup;
			children = (
				BC10515A2CD4872C00D50CA0 /* LocationPushTest */,
				BC10516B2CD4872E00D50CA0 /* LocationPushTestTests */,
				BC1051752CD4872E00D50CA0 /* LocationPushTestUITests */,
				BCF33FC72CD48D4400F242B0 /* Frameworks */,
				BC1051592CD4872C00D50CA0 /* Products */,
				BCF33FD02CD497C000F242B0 /* GoogleService-Info.plist */,
			);
			sourceTree = "<group>";
		};
		BC1051592CD4872C00D50CA0 /* Products */ = {
			isa = PBXGroup;
			children = (
				BC1051582CD4872C00D50CA0 /* LocationPushTest.app */,
				BC1051682CD4872E00D50CA0 /* LocationPushTestTests.xctest */,
				BC1051722CD4872E00D50CA0 /* LocationPushTestUITests.xctest */,
			);
			name = Products;
			sourceTree = "<group>";
		};
		BCF33FC72CD48D4400F242B0 /* Frameworks */ = {
			isa = PBXGroup;
			children = (
			);
			name = Frameworks;
			sourceTree = "<group>";
		};
/* End PBXGroup section */

/* Begin PBXNativeTarget section */
		BC1051572CD4872C00D50CA0 /* LocationPushTest */ = {
			isa = PBXNativeTarget;
			buildConfigurationList = BC10517C2CD4872E00D50CA0 /* Build configuration list for PBXNativeTarget "LocationPushTest" */;
			buildPhases = (
				BC1051542CD4872C00D50CA0 /* Sources */,
				BC1051552CD4872C00D50CA0 /* Frameworks */,
				BC1051562CD4872C00D50CA0 /* Resources */,
			);
			buildRules = (
			);
			dependencies = (
			);
			fileSystemSynchronizedGroups = (
				BC10515A2CD4872C00D50CA0 /* LocationPushTest */,
			);
			name = LocationPushTest;
			packageProductDependencies = (
				BCF33FC92CD48E3100F242B0 /* FirebaseCore */,
				BCF33FCB2CD48E3100F242B0 /* FirebaseFirestore */,
				BCF33FD42CD497EE00F242B0 /* FirebaseAnalytics */,
			);
			productName = LocationPushTest;
			productReference = BC1051582CD4872C00D50CA0 /* LocationPushTest.app */;
			productType = "com.apple.product-type.application";
		};
		BC1051672CD4872E00D50CA0 /* LocationPushTestTests */ = {
			isa = PBXNativeTarget;
			buildConfigurationList = BC10517F2CD4872E00D50CA0 /* Build configuration list for PBXNativeTarget "LocationPushTestTests" */;
			buildPhases = (
				BC1051642CD4872E00D50CA0 /* Sources */,
				BC1051652CD4872E00D50CA0 /* Frameworks */,
				BC1051662CD4872E00D50CA0 /* Resources */,
			);
			buildRules = (
			);
			dependencies = (
				BC10516A2CD4872E00D50CA0 /* PBXTargetDependency */,
			);
			fileSystemSynchronizedGroups = (
				BC10516B2CD4872E00D50CA0 /* LocationPushTestTests */,
			);
			name = LocationPushTestTests;
			packageProductDependencies = (
			);
			productName = LocationPushTestTests;
			productReference = BC1051682CD4872E00D50CA0 /* LocationPushTestTests.xctest */;
			productType = "com.apple.product-type.bundle.unit-test";
		};
		BC1051712CD4872E00D50CA0 /* LocationPushTestUITests */ = {
			isa = PBXNativeTarget;
			buildConfigurationList = BC1051822CD4872E00D50CA0 /* Build configuration list for PBXNativeTarget "LocationPushTestUITests" */;
			buildPhases = (
				BC10516E2CD4872E00D50CA0 /* Sources */,
				BC10516F2CD4872E00D50CA0 /* Frameworks */,
				BC1051702CD4872E00D50CA0 /* Resources */,
			);
			buildRules = (
			);
			dependencies = (
				BC1051742CD4872E00D50CA0 /* PBXTargetDependency */,
			);
			fileSystemSynchronizedGroups = (
				BC1051752CD4872E00D50CA0 /* LocationPushTestUITests */,
			);
			name = LocationPushTestUITests;
			packageProductDependencies = (
			);
			productName = LocationPushTestUITests;
			productReference = BC1051722CD4872E00D50CA0 /* LocationPushTestUITests.xctest */;
			productType = "com.apple.product-type.bundle.ui-testing";
		};
/* End PBXNativeTarget section */

/* Begin PBXProject section */
		BC1051502CD4872C00D50CA0 /* Project object */ = {
			isa = PBXProject;
			attributes = {
				BuildIndependentTargetsInParallel = 1;
				LastSwiftUpdateCheck = 1610;
				LastUpgradeCheck = 1610;
				TargetAttributes = {
					BC1051572CD4872C00D50CA0 = {
						CreatedOnToolsVersion = 16.1;
					};
					BC1051672CD4872E00D50CA0 = {
						CreatedOnToolsVersion = 16.1;
						TestTargetID = BC1051572CD4872C00D50CA0;
					};
					BC1051712CD4872E00D50CA0 = {
						CreatedOnToolsVersion = 16.1;
						TestTargetID = BC1051572CD4872C00D50CA0;
					};
				};
			};
			buildConfigurationList = BC1051532CD4872C00D50CA0 /* Build configuration list for PBXProject "LocationPushTest" */;
			developmentRegion = en;
			hasScannedForEncodings = 0;
			knownRegions = (
				en,
				Base,
			);
			mainGroup = BC10514F2CD4872C00D50CA0;
			minimizedProjectReferenceProxies = 1;
			packageReferences = (
				BCF33FC82CD48E3100F242B0 /* XCRemoteSwiftPackageReference "firebase-ios-sdk" */,
			);
			preferredProjectObjectVersion = 77;
			productRefGroup = BC1051592CD4872C00D50CA0 /* Products */;
			projectDirPath = "";
			projectRoot = "";
			targets = (
				BC1051572CD4872C00D50CA0 /* LocationPushTest */,
				BC1051672CD4872E00D50CA0 /* LocationPushTestTests */,
				BC1051712CD4872E00D50CA0 /* LocationPushTestUITests */,
			);
		};
/* End PBXProject section */

/* Begin PBXResourcesBuildPhase section */
		BC1051562CD4872C00D50CA0 /* Resources */ = {
			isa = PBXResourcesBuildPhase;
			buildActionMask = 2147483647;
			files = (
				BCF33FD12CD497C000F242B0 /* GoogleService-Info.plist in Resources */,
			);
			runOnlyForDeploymentPostprocessing = 0;
		};
		BC1051662CD4872E00D50CA0 /* Resources */ = {
			isa = PBXResourcesBuildPhase;
			buildActionMask = 2147483647;
			files = (
				BCF33FD22CD497C000F242B0 /* GoogleService-Info.plist in Resources */,
			);
			runOnlyForDeploymentPostprocessing = 0;
		};
		BC1051702CD4872E00D50CA0 /* Resources */ = {
			isa = PBXResourcesBuildPhase;
			buildActionMask = 2147483647;
			files = (
				BCF33FD32CD497C000F242B0 /* GoogleService-Info.plist in Resources */,
			);
			runOnlyForDeploymentPostprocessing = 0;
		};
/* End PBXResourcesBuildPhase section */

/* Begin PBXSourcesBuildPhase section */
		BC1051542CD4872C00D50CA0 /* Sources */ = {
			isa = PBXSourcesBuildPhase;
			buildActionMask = 2147483647;
			files = (
			);
			runOnlyForDeploymentPostprocessing = 0;
		};
		BC1051642CD4872E00D50CA0 /* Sources */ = {
			isa = PBXSourcesBuildPhase;
			buildActionMask = 2147483647;
			files = (
			);
			runOnlyForDeploymentPostprocessing = 0;
		};
		BC10516E2CD4872E00D50CA0 /* Sources */ = {
			isa = PBXSourcesBuildPhase;
			buildActionMask = 2147483647;
			files = (
			);
			runOnlyForDeploymentPostprocessing = 0;
		};
/* End PBXSourcesBuildPhase section */

/* Begin PBXTargetDependency section */
		BC10516A2CD4872E00D50CA0 /* PBXTargetDependency */ = {
			isa = PBXTargetDependency;
			target = BC1051572CD4872C00D50CA0 /* LocationPushTest */;
			targetProxy = BC1051692CD4872E00D50CA0 /* PBXContainerItemProxy */;
		};
		BC1051742CD4872E00D50CA0 /* PBXTargetDependency */ = {
			isa = PBXTargetDependency;
			target = BC1051572CD4872C00D50CA0 /* LocationPushTest */;
			targetProxy = BC1051732CD4872E00D50CA0 /* PBXContainerItemProxy */;
		};
/* End PBXTargetDependency section */

/* Begin XCBuildConfiguration section */
		BC10517A2CD4872E00D50CA0 /* Debug */ = {
			isa = XCBuildConfiguration;
			buildSettings = {
				ALWAYS_SEARCH_USER_PATHS = NO;
				ASSETCATALOG_COMPILER_GENERATE_SWIFT_ASSET_SYMBOL_EXTENSIONS = YES;
				CLANG_ANALYZER_NONNULL = YES;
				CLANG_ANALYZER_NUMBER_OBJECT_CONVERSION = YES_AGGRESSIVE;
				CLANG_CXX_LANGUAGE_STANDARD = "gnu++20";
				CLANG_ENABLE_MODULES = YES;
				CLANG_ENABLE_OBJC_ARC = YES;
				CLANG_ENABLE_OBJC_WEAK = YES;
				CLANG_WARN_BLOCK_CAPTURE_AUTORELEASING = YES;
				CLANG_WARN_BOOL_CONVERSION = YES;
				CLANG_WARN_COMMA = YES;
				CLANG_WARN_CONSTANT_CONVERSION = YES;
				CLANG_WARN_DEPRECATED_OBJC_IMPLEMENTATIONS = YES;
				CLANG_WARN_DIRECT_OBJC_ISA_USAGE = YES_ERROR;
				CLANG_WARN_DOCUMENTATION_COMMENTS = YES;
				CLANG_WARN_EMPTY_BODY = YES;
				CLANG_WARN_ENUM_CONVERSION = YES;
				CLANG_WARN_INFINITE_RECURSION = YES;
				CLANG_WARN_INT_CONVERSION = YES;
				CLANG_WARN_NON_LITERAL_NULL_CONVERSION = YES;
				CLANG_WARN_OBJC_IMPLICIT_RETAIN_SELF = YES;
				CLANG_WARN_OBJC_LITERAL_CONVERSION = YES;
				CLANG_WARN_OBJC_ROOT_CLASS = YES_ERROR;
				CLANG_WARN_QUOTED_INCLUDE_IN_FRAMEWORK_HEADER = YES;
				CLANG_WARN_RANGE_LOOP_ANALYSIS = YES;
				CLANG_WARN_STRICT_PROTOTYPES = YES;
				CLANG_WARN_SUSPICIOUS_MOVE = YES;
				CLANG_WARN_UNGUARDED_AVAILABILITY = YES_AGGRESSIVE;
				CLANG_WARN_UNREACHABLE_CODE = YES;
				CLANG_WARN__DUPLICATE_METHOD_MATCH = YES;
				COPY_PHASE_STRIP = NO;
				DEBUG_INFORMATION_FORMAT = dwarf;
				ENABLE_STRICT_OBJC_MSGSEND = YES;
				ENABLE_TESTABILITY = YES;
				ENABLE_USER_SCRIPT_SANDBOXING = YES;
				GCC_C_LANGUAGE_STANDARD = gnu17;
				GCC_DYNAMIC_NO_PIC = NO;
				GCC_NO_COMMON_BLOCKS = YES;
				GCC_OPTIMIZATION_LEVEL = 0;
				GCC_PREPROCESSOR_DEFINITIONS = (
					"DEBUG=1",
					"$(inherited)",
				);
				GCC_WARN_64_TO_32_BIT_CONVERSION = YES;
				GCC_WARN_ABOUT_RETURN_TYPE = YES_ERROR;
				GCC_WARN_UNDECLARED_SELECTOR = YES;
				GCC_WARN_UNINITIALIZED_AUTOS = YES_AGGRESSIVE;
				GCC_WARN_UNUSED_FUNCTION = YES;
				GCC_WARN_UNUSED_VARIABLE = YES;
				IPHONEOS_DEPLOYMENT_TARGET = 18.1;
				LOCALIZATION_PREFERS_STRING_CATALOGS = YES;
				MTL_ENABLE_DEBUG_INFO = INCLUDE_SOURCE;
				MTL_FAST_MATH = YES;
				ONLY_ACTIVE_ARCH = YES;
				SDKROOT = iphoneos;
				SWIFT_ACTIVE_COMPILATION_CONDITIONS = "DEBUG $(inherited)";
				SWIFT_OPTIMIZATION_LEVEL = "-Onone";
			};
			name = Debug;
		};
		BC10517B2CD4872E00D50CA0 /* Release */ = {
			isa = XCBuildConfiguration;
			buildSettings = {
				ALWAYS_SEARCH_USER_PATHS = NO;
				ASSETCATALOG_COMPILER_GENERATE_SWIFT_ASSET_SYMBOL_EXTENSIONS = YES;
				CLANG_ANALYZER_NONNULL = YES;
				CLANG_ANALYZER_NUMBER_OBJECT_CONVERSION = YES_AGGRESSIVE;
				CLANG_CXX_LANGUAGE_STANDARD = "gnu++20";
				CLANG_ENABLE_MODULES = YES;
				CLANG_ENABLE_OBJC_ARC = YES;
				CLANG_ENABLE_OBJC_WEAK = YES;
				CLANG_WARN_BLOCK_CAPTURE_AUTORELEASING = YES;
				CLANG_WARN_BOOL_CONVERSION = YES;
				CLANG_WARN_COMMA = YES;
				CLANG_WARN_CONSTANT_CONVERSION = YES;
				CLANG_WARN_DEPRECATED_OBJC_IMPLEMENTATIONS = YES;
				CLANG_WARN_DIRECT_OBJC_ISA_USAGE = YES_ERROR;
				CLANG_WARN_DOCUMENTATION_COMMENTS = YES;
				CLANG_WARN_EMPTY_BODY = YES;
				CLANG_WARN_ENUM_CONVERSION = YES;
				CLANG_WARN_INFINITE_RECURSION = YES;
				CLANG_WARN_INT_CONVERSION = YES;
				CLANG_WARN_NON_LITERAL_NULL_CONVERSION = YES;
				CLANG_WARN_OBJC_IMPLICIT_RETAIN_SELF = YES;
				CLANG_WARN_OBJC_LITERAL_CONVERSION = YES;
				CLANG_WARN_OBJC_ROOT_CLASS = YES_ERROR;
				CLANG_WARN_QUOTED_INCLUDE_IN_FRAMEWORK_HEADER = YES;
				CLANG_WARN_RANGE_LOOP_ANALYSIS = YES;
				CLANG_WARN_STRICT_PROTOTYPES = YES;
				CLANG_WARN_SUSPICIOUS_MOVE = YES;
				CLANG_WARN_UNGUARDED_AVAILABILITY = YES_AGGRESSIVE;
				CLANG_WARN_UNREACHABLE_CODE = YES;
				CLANG_WARN__DUPLICATE_METHOD_MATCH = YES;
				COPY_PHASE_STRIP = NO;
				DEBUG_INFORMATION_FORMAT = "dwarf-with-dsym";
				ENABLE_NS_ASSERTIONS = NO;
				ENABLE_STRICT_OBJC_MSGSEND = YES;
				ENABLE_USER_SCRIPT_SANDBOXING = YES;
				GCC_C_LANGUAGE_STANDARD = gnu17;
				GCC_NO_COMMON_BLOCKS = YES;
				GCC_WARN_64_TO_32_BIT_CONVERSION = YES;
				GCC_WARN_ABOUT_RETURN_TYPE = YES_ERROR;
				GCC_WARN_UNDECLARED_SELECTOR = YES;
				GCC_WARN_UNINITIALIZED_AUTOS = YES_AGGRESSIVE;
				GCC_WARN_UNUSED_FUNCTION = YES;
				GCC_WARN_UNUSED_VARIABLE = YES;
				IPHONEOS_DEPLOYMENT_TARGET = 18.1;
				LOCALIZATION_PREFERS_STRING_CATALOGS = YES;
				MTL_ENABLE_DEBUG_INFO = NO;
				MTL_FAST_MATH = YES;
				SDKROOT = iphoneos;
				SWIFT_COMPILATION_MODE = wholemodule;
				VALIDATE_PRODUCT = YES;
			};
			name = Release;
		};
		BC10517D2CD4872E00D50CA0 /* Debug */ = {
			isa = XCBuildConfiguration;
			buildSettings = {
				ASSETCATALOG_COMPILER_APPICON_NAME = AppIcon;
				ASSETCATALOG_COMPILER_GLOBAL_ACCENT_COLOR_NAME = AccentColor;
				CODE_SIGN_STYLE = Automatic;
				CURRENT_PROJECT_VERSION = 1;
				DEVELOPMENT_ASSET_PATHS = "\"LocationPushTest/Preview Content\"";
				DEVELOPMENT_TEAM = FSJMDLW98D;
				ENABLE_PREVIEWS = YES;
				GENERATE_INFOPLIST_FILE = YES;
				INFOPLIST_FILE = LocationPushTest/Info.plist;
				INFOPLIST_KEY_LSApplicationCategoryType = "";
				INFOPLIST_KEY_NSLocationAlwaysAndWhenInUseUsageDescription = "";
				INFOPLIST_KEY_NSLocationAlwaysUsageDescription = "";
				INFOPLIST_KEY_NSLocationWhenInUseUsageDescription = "";
				INFOPLIST_KEY_UIApplicationSceneManifest_Generation = YES;
				INFOPLIST_KEY_UIApplicationSupportsIndirectInputEvents = YES;
				INFOPLIST_KEY_UILaunchScreen_Generation = YES;
				INFOPLIST_KEY_UISupportedInterfaceOrientations_iPad = "UIInterfaceOrientationPortrait UIInterfaceOrientationPortraitUpsideDown UIInterfaceOrientationLandscapeLeft UIInterfaceOrientationLandscapeRight";
				INFOPLIST_KEY_UISupportedInterfaceOrientations_iPhone = "UIInterfaceOrientationPortrait UIInterfaceOrientationLandscapeLeft UIInterfaceOrientationLandscapeRight";
				IPHONEOS_DEPLOYMENT_TARGET = 18.0;
				LD_RUNPATH_SEARCH_PATHS = (
					"$(inherited)",
					"@executable_path/Frameworks",
				);
				MARKETING_VERSION = 1.0;
				NEW_SETTING = "";
				PRODUCT_BUNDLE_IDENTIFIER = test.LocationPushTest;
				PRODUCT_NAME = "$(TARGET_NAME)";
				SWIFT_EMIT_LOC_STRINGS = YES;
				SWIFT_VERSION = 5.0;
				TARGETED_DEVICE_FAMILY = "1,2";
			};
			name = Debug;
		};
		BC10517E2CD4872E00D50CA0 /* Release */ = {
			isa = XCBuildConfiguration;
			buildSettings = {
				ASSETCATALOG_COMPILER_APPICON_NAME = AppIcon;
				ASSETCATALOG_COMPILER_GLOBAL_ACCENT_COLOR_NAME = AccentColor;
				CODE_SIGN_STYLE = Automatic;
				CURRENT_PROJECT_VERSION = 1;
				DEVELOPMENT_ASSET_PATHS = "\"LocationPushTest/Preview Content\"";
				DEVELOPMENT_TEAM = FSJMDLW98D;
				ENABLE_PREVIEWS = YES;
				GENERATE_INFOPLIST_FILE = YES;
				INFOPLIST_FILE = LocationPushTest/Info.plist;
				INFOPLIST_KEY_LSApplicationCategoryType = "";
				INFOPLIST_KEY_NSLocationAlwaysAndWhenInUseUsageDescription = "";
				INFOPLIST_KEY_NSLocationAlwaysUsageDescription = "";
				INFOPLIST_KEY_NSLocationWhenInUseUsageDescription = "";
				INFOPLIST_KEY_UIApplicationSceneManifest_Generation = YES;
				INFOPLIST_KEY_UIApplicationSupportsIndirectInputEvents = YES;
				INFOPLIST_KEY_UILaunchScreen_Generation = YES;
				INFOPLIST_KEY_UISupportedInterfaceOrientations_iPad = "UIInterfaceOrientationPortrait UIInterfaceOrientationPortraitUpsideDown UIInterfaceOrientationLandscapeLeft UIInterfaceOrientationLandscapeRight";
				INFOPLIST_KEY_UISupportedInterfaceOrientations_iPhone = "UIInterfaceOrientationPortrait UIInterfaceOrientationLandscapeLeft UIInterfaceOrientationLandscapeRight";
				IPHONEOS_DEPLOYMENT_TARGET = 18.0;
				LD_RUNPATH_SEARCH_PATHS = (
					"$(inherited)",
					"@executable_path/Frameworks",
				);
				MARKETING_VERSION = 1.0;
				NEW_SETTING = "";
				PRODUCT_BUNDLE_IDENTIFIER = test.LocationPushTest;
				PRODUCT_NAME = "$(TARGET_NAME)";
				SWIFT_EMIT_LOC_STRINGS = YES;
				SWIFT_VERSION = 5.0;
				TARGETED_DEVICE_FAMILY = "1,2";
			};
			name = Release;
		};
		BC1051802CD4872E00D50CA0 /* Debug */ = {
			isa = XCBuildConfiguration;
			buildSettings = {
				BUNDLE_LOADER = "$(TEST_HOST)";
				CODE_SIGN_STYLE = Automatic;
				CURRENT_PROJECT_VERSION = 1;
				DEVELOPMENT_TEAM = FSJMDLW98D;
				GENERATE_INFOPLIST_FILE = YES;
				IPHONEOS_DEPLOYMENT_TARGET = 18.1;
				MARKETING_VERSION = 1.0;
				PRODUCT_BUNDLE_IDENTIFIER = test.LocationPushTestTests;
				PRODUCT_NAME = "$(TARGET_NAME)";
				SWIFT_EMIT_LOC_STRINGS = NO;
				SWIFT_VERSION = 5.0;
				TARGETED_DEVICE_FAMILY = "1,2";
				TEST_HOST = "$(BUILT_PRODUCTS_DIR)/LocationPushTest.app/$(BUNDLE_EXECUTABLE_FOLDER_PATH)/LocationPushTest";
			};
			name = Debug;
		};
		BC1051812CD4872E00D50CA0 /* Release */ = {
			isa = XCBuildConfiguration;
			buildSettings = {
				BUNDLE_LOADER = "$(TEST_HOST)";
				CODE_SIGN_STYLE = Automatic;
				CURRENT_PROJECT_VERSION = 1;
				DEVELOPMENT_TEAM = FSJMDLW98D;
				GENERATE_INFOPLIST_FILE = YES;
				IPHONEOS_DEPLOYMENT_TARGET = 18.1;
				MARKETING_VERSION = 1.0;
				PRODUCT_BUNDLE_IDENTIFIER = test.LocationPushTestTests;
				PRODUCT_NAME = "$(TARGET_NAME)";
				SWIFT_EMIT_LOC_STRINGS = NO;
				SWIFT_VERSION = 5.0;
				TARGETED_DEVICE_FAMILY = "1,2";
				TEST_HOST = "$(BUILT_PRODUCTS_DIR)/LocationPushTest.app/$(BUNDLE_EXECUTABLE_FOLDER_PATH)/LocationPushTest";
			};
			name = Release;
		};
		BC1051832CD4872E00D50CA0 /* Debug */ = {
			isa = XCBuildConfiguration;
			buildSettings = {
				CODE_SIGN_STYLE = Automatic;
				CURRENT_PROJECT_VERSION = 1;
				DEVELOPMENT_TEAM = FSJMDLW98D;
				GENERATE_INFOPLIST_FILE = YES;
				MARKETING_VERSION = 1.0;
				PRODUCT_BUNDLE_IDENTIFIER = test.LocationPushTestUITests;
				PRODUCT_NAME = "$(TARGET_NAME)";
				SWIFT_EMIT_LOC_STRINGS = NO;
				SWIFT_VERSION = 5.0;
				TARGETED_DEVICE_FAMILY = "1,2";
				TEST_TARGET_NAME = LocationPushTest;
			};
			name = Debug;
		};
		BC1051842CD4872E00D50CA0 /* Release */ = {
			isa = XCBuildConfiguration;
			buildSettings = {
				CODE_SIGN_STYLE = Automatic;
				CURRENT_PROJECT_VERSION = 1;
				DEVELOPMENT_TEAM = FSJMDLW98D;
				GENERATE_INFOPLIST_FILE = YES;
				MARKETING_VERSION = 1.0;
				PRODUCT_BUNDLE_IDENTIFIER = test.LocationPushTestUITests;
				PRODUCT_NAME = "$(TARGET_NAME)";
				SWIFT_EMIT_LOC_STRINGS = NO;
				SWIFT_VERSION = 5.0;
				TARGETED_DEVICE_FAMILY = "1,2";
				TEST_TARGET_NAME = LocationPushTest;
			};
			name = Release;
		};
/* End XCBuildConfiguration section */

/* Begin XCConfigurationList section */
		BC1051532CD4872C00D50CA0 /* Build configuration list for PBXProject "LocationPushTest" */ = {
			isa = XCConfigurationList;
			buildConfigurations = (
				BC10517A2CD4872E00D50CA0 /* Debug */,
				BC10517B2CD4872E00D50CA0 /* Release */,
			);
			defaultConfigurationIsVisible = 0;
			defaultConfigurationName = Release;
		};
		BC10517C2CD4872E00D50CA0 /* Build configuration list for PBXNativeTarget "LocationPushTest" */ = {
			isa = XCConfigurationList;
			buildConfigurations = (
				BC10517D2CD4872E00D50CA0 /* Debug */,
				BC10517E2CD4872E00D50CA0 /* Release */,
			);
			defaultConfigurationIsVisible = 0;
			defaultConfigurationName = Release;
		};
		BC10517F2CD4872E00D50CA0 /* Build configuration list for PBXNativeTarget "LocationPushTestTests" */ = {
			isa = XCConfigurationList;
			buildConfigurations = (
				BC1051802CD4872E00D50CA0 /* Debug */,
				BC1051812CD4872E00D50CA0 /* Release */,
			);
			defaultConfigurationIsVisible = 0;
			defaultConfigurationName = Release;
		};
		BC1051822CD4872E00D50CA0 /* Build configuration list for PBXNativeTarget "LocationPushTestUITests" */ = {
			isa = XCConfigurationList;
			buildConfigurations = (
				BC1051832CD4872E00D50CA0 /* Debug */,
				BC1051842CD4872E00D50CA0 /* Release */,
			);
			defaultConfigurationIsVisible = 0;
			defaultConfigurationName = Release;
		};
/* End XCConfigurationList section */

/* Begin XCRemoteSwiftPackageReference section */
		BCF33FC82CD48E3100F242B0 /* XCRemoteSwiftPackageReference "firebase-ios-sdk" */ = {
			isa = XCRemoteSwiftPackageReference;
			repositoryURL = "https://github.com/firebase/firebase-ios-sdk.git";
			requirement = {
				kind = upToNextMajorVersion;
				minimumVersion = 11.4.0;
			};
		};
/* End XCRemoteSwiftPackageReference section */

/* Begin XCSwiftPackageProductDependency section */
		BCF33FC92CD48E3100F242B0 /* FirebaseCore */ = {
			isa = XCSwiftPackageProductDependency;
			package = BCF33FC82CD48E3100F242B0 /* XCRemoteSwiftPackageReference "firebase-ios-sdk" */;
			productName = FirebaseCore;
		};
		BCF33FCB2CD48E3100F242B0 /* FirebaseFirestore */ = {
			isa = XCSwiftPackageProductDependency;
			package = BCF33FC82CD48E3100F242B0 /* XCRemoteSwiftPackageReference "firebase-ios-sdk" */;
			productName = FirebaseFirestore;
		};
		BCF33FD42CD497EE00F242B0 /* FirebaseAnalytics */ = {
			isa = XCSwiftPackageProductDependency;
			package = BCF33FC82CD48E3100F242B0 /* XCRemoteSwiftPackageReference "firebase-ios-sdk" */;
			productName = FirebaseAnalytics;
		};
/* End XCSwiftPackageProductDependency section */
	};
	rootObject = BC1051502CD4872C00D50CA0 /* Project object */;
}
